{
	"name": "capnp-ts",
	"version": "0.4.0",
	"lockfileVersion": 2,
	"requires": true,
	"packages": {
		"": {
			"version": "0.4.0",
			"license": "MIT",
			"dependencies": {
				"debug": "^4.3.1",
				"format": "^0.2.2",
				"tslib": "^2.2.0",
				"utf8-encoding": "^0.1.2"
			}
		},
		"node_modules/debug": {
			"version": "4.3.1",
			"resolved": "https://registry.npmjs.org/debug/-/debug-4.3.1.tgz",
			"integrity": "sha512-doEwdvm4PCeK4K3RQN2ZC2BYUBaxwLARCqZmMjtF8a51J2Rb0xpVloFRnCODwqjpwnAoao4pelN8l3RJdv3gRQ==",
			"dependencies": {
				"ms": "2.1.2"
			},
			"engines": {
				"node": ">=6.0"
			},
			"peerDependenciesMeta": {
				"supports-color": {
					"optional": true
				}
			}
		},
		"node_modules/format": {
			"version": "0.2.2",
			"resolved": "https://registry.npmjs.org/format/-/format-0.2.2.tgz",
			"integrity": "sha1-1hcBB+nv3E7TDJ3DkBbflCtctYs=",
			"engines": {
				"node": ">=0.4.x"
			}
		},
		"node_modules/ms": {
			"version": "2.1.2",
			"resolved": "https://registry.npmjs.org/ms/-/ms-2.1.2.tgz",
			"integrity": "sha512-sGkPx+VjMtmA6MX27oA4FBFELFCZZ4S4XqeGOXCv68tT+jb3vk/RyaKWP0PTKyWtmLSM0b+adUTEvbs1PEaH2w=="
		},
		"node_modules/obtain-unicode": {
			"version": "0.0.5",
			"resolved": "https://registry.npmjs.org/obtain-unicode/-/obtain-unicode-0.0.5.tgz",
			"integrity": "sha1-ZV8zeo8TUoBJXXemDvxgH5r11dw="
		},
		"node_modules/tslib": {
			"version": "2.2.0",
			"resolved": "https://registry.npmjs.org/tslib/-/tslib-2.2.0.tgz",
			"integrity": "sha512-gS9GVHRU+RGn5KQM2rllAlR3dU6m7AcpJKdtH8gFvQiC4Otgk98XnmMU+nZenHt/+VhnBPWwgrJsyrdcw6i23w=="
		},
		"node_modules/utf8-encoding": {
			"version": "0.1.2",
			"resolved": "https://registry.npmjs.org/utf8-encoding/-/utf8-encoding-0.1.2.tgz",
			"integrity": "sha1-hxcBXLi5I7wDA79K9SCvlvBq6aI=",
			"dependencies": {
				"obtain-unicode": "~0.0.5"
			}
		}
	},
	"dependencies": {
		"debug": {
			"version": "4.3.1",
			"resolved": "https://registry.npmjs.org/debug/-/debug-4.3.1.tgz",
			"integrity": "sha512-doEwdvm4PCeK4K3RQN2ZC2BYUBaxwLARCqZmMjtF8a51J2Rb0xpVloFRnCODwqjpwnAoao4pelN8l3RJdv3gRQ==",
			"requires": {
				"ms": "2.1.2"
			}
		},
		"format": {
			"version": "0.2.2",
			"resolved": "https://registry.npmjs.org/format/-/format-0.2.2.tgz",
			"integrity": "sha1-1hcBB+nv3E7TDJ3DkBbflCtctYs="
		},
		"ms": {
			"version": "2.1.2",
			"resolved": "https://registry.npmjs.org/ms/-/ms-2.1.2.tgz",
			"integrity": "sha512-sGkPx+VjMtmA6MX27oA4FBFELFCZZ4S4XqeGOXCv68tT+jb3vk/RyaKWP0PTKyWtmLSM0b+adUTEvbs1PEaH2w=="
		},
		"obtain-unicode": {
			"version": "0.0.5",
			"resolved": "https://registry.npmjs.org/obtain-unicode/-/obtain-unicode-0.0.5.tgz",
			"integrity": "sha1-ZV8zeo8TUoBJXXemDvxgH5r11dw="
		},
		"tslib": {
			"version": "2.2.0",
			"resolved": "https://registry.npmjs.org/tslib/-/tslib-2.2.0.tgz",
			"integrity": "sha512-gS9GVHRU+RGn5KQM2rllAlR3dU6m7AcpJKdtH8gFvQiC4Otgk98XnmMU+nZenHt/+VhnBPWwgrJsyrdcw6i23w=="
		},
		"utf8-encoding": {
			"version": "0.1.2",
			"resolved": "https://registry.npmjs.org/utf8-encoding/-/utf8-encoding-0.1.2.tgz",
			"integrity": "sha1-hxcBXLi5I7wDA79K9SCvlvBq6aI=",
			"requires": {
				"obtain-unicode": "~0.0.5"
			}
		}
	}
}
