# THIS IS AN AUTOGENERATED FILE. DO NOT EDIT THIS FILE DIRECTLY.
# yarn lockfile v1


bluebird@^3.5.0:
  version "3.5.1"
  resolved "https://registry.yarnpkg.com/bluebird/-/bluebird-3.5.1.tgz#d9551f9de98f1fcda1e683d17ee91a0602ee2eb9"

capnp-ts@^0.1.6:
  version "0.1.6"
  resolved "https://registry.yarnpkg.com/capnp-ts/-/capnp-ts-0.1.6.tgz#c4db1c2927729b4e28ab0bdf45c25a26fbf8894f"
  dependencies:
    debug "^2.6.3"
    format "^0.2.2"
    tslib "^1.7.1"
    utf8-encoding "^0.1.2"

capnpc-js@^0.1.6:
  version "0.1.6"
  resolved "https://registry.yarnpkg.com/capnpc-js/-/capnpc-js-0.1.6.tgz#b7ee57aecfda5199bf3ef9eb07e900447160b089"
  dependencies:
    capnpc-ts "^0.1.6"
    debug "^2.6.3"
    typescript "^2.4.1"

capnpc-ts@^0.1.6:
  version "0.1.6"
  resolved "https://registry.yarnpkg.com/capnpc-ts/-/capnpc-ts-0.1.6.tgz#244c9215a6ea645f00101a911873f75224303c98"
  dependencies:
    bluebird "^3.5.0"
    capnp-ts "^0.1.6"
    hex2dec "^1.0.1"
    mkdirp "^0.5.1"
    ramda "^0.24.1"
    tslib "^1.7.1"
    typescript "^2.4.1"

debug@^2.6.3:
  version "2.6.9"
  resolved "https://registry.yarnpkg.com/debug/-/debug-2.6.9.tgz#5d128515df134ff327e90a4c93f4e077a536341f"
  dependencies:
    ms "2.0.0"

format@^0.2.2:
  version "0.2.2"
  resolved "https://registry.yarnpkg.com/format/-/format-0.2.2.tgz#d6170107e9efdc4ed30c9dc39016df942b5cb58b"

hex2dec@^1.0.1:
  version "1.0.1"
  resolved "https://registry.yarnpkg.com/hex2dec/-/hex2dec-1.0.1.tgz#949bb33f1fdbbeab20e06403a00fc7d5ff284207"

minimist@0.0.8:
  version "0.0.8"
  resolved "https://registry.yarnpkg.com/minimist/-/minimist-0.0.8.tgz#857fcabfc3397d2625b8228262e86aa7a011b05d"

mkdirp@^0.5.1:
  version "0.5.1"
  resolved "https://registry.yarnpkg.com/mkdirp/-/mkdirp-0.5.1.tgz#30057438eac6cf7f8c4767f38648d6697d75c903"
  dependencies:
    minimist "0.0.8"

ms@2.0.0:
  version "2.0.0"
  resolved "https://registry.yarnpkg.com/ms/-/ms-2.0.0.tgz#5608aeadfc00be6c2901df5f9861788de0d597c8"

obtain-unicode@~0.0.5:
  version "0.0.5"
  resolved "https://registry.yarnpkg.com/obtain-unicode/-/obtain-unicode-0.0.5.tgz#655f337a8f135280495d77a60efc601f9af5d5dc"

ramda@^0.24.1:
  version "0.24.1"
  resolved "https://registry.yarnpkg.com/ramda/-/ramda-0.24.1.tgz#c3b7755197f35b8dc3502228262c4c91ddb6b857"

tslib@^1.7.1:
  version "1.9.3"
  resolved "https://registry.yarnpkg.com/tslib/-/tslib-1.9.3.tgz#d7e4dd79245d85428c4d7e4822a79917954ca286"

typescript@^2.4.1:
  version "2.9.2"
  resolved "https://registry.yarnpkg.com/typescript/-/typescript-2.9.2.tgz#1cbf61d05d6b96269244eb6a3bce4bd914e0f00c"

utf8-encoding@^0.1.2:
  version "0.1.2"
  resolved "https://registry.yarnpkg.com/utf8-encoding/-/utf8-encoding-0.1.2.tgz#8717015cb8b923bc0303bf4af520af96f06ae9a2"
  dependencies:
    obtain-unicode "~0.0.5"
